
Microsoft Visual Studio Solution File, Format Version 12.00
# Visual Studio Version 17
VisualStudioVersion = 17.7.34024.191
MinimumVisualStudioVersion = 10.0.40219.1
Project("{FAE04EC0-301F-11D3-BF4B-00C04F79EFBC}") = "ProjetoBiblioteca", "ProjetoBiblioteca\ProjetoBiblioteca.csproj", "{B26A3E55-D166-4BCA-A395-75053655AB08}"
EndProject
Global
	GlobalSection(SolutionConfigurationPlatforms) = preSolution
		Debug|Any CPU = Debug|Any CPU
		Release|Any CPU = Release|Any CPU
	EndGlobalSection
	GlobalSection(ProjectConfigurationPlatforms) = postSolution
		{B26A3E55-D166-4BCA-A395-75053655AB08}.Debug|Any CPU.ActiveCfg = Debug|Any CPU
		{B26A3E55-D166-4BCA-A395-75053655AB08}.Debug|Any CPU.Build.0 = Debug|Any CPU
		{B26A3E55-D166-4BCA-A395-75053655AB08}.Release|Any CPU.ActiveCfg = Release|Any CPU
		{B26A3E55-D166-4BCA-A395-75053655AB08}.Release|Any CPU.Build.0 = Release|Any CPU
	EndGlobalSection
	GlobalSection(SolutionProperties) = preSolution
		HideSolutionNode = FALSE
	EndGlobalSection
	GlobalSection(ExtensibilityGlobals) = postSolution
		SolutionGuid = {7B13A93F-CDB6-4028-B907-344855CB5BD2}
	EndGlobalSection
EndGlobal
